{
  "name": "sigma-js",
  "version": "0.2.1",
  "lockfileVersion": 1,
  "requires": true,
  "dependencies": {
    "@types/node": {
      "version": "8.10.39",
      "resolved": "https://registry.npmjs.org/@types/node/-/node-8.10.39.tgz",
      "integrity": "sha512-rE7fktr02J8ybFf6eysife+WF+L4sAHWzw09DgdCebEu+qDwMvv4zl6Bc+825ttGZP73kCKxa3dhJOoGJ8+5mA==",
      "dev": true
    },
    "pegjs": {
      "version": "0.11.0-dev.325",
      "resolved": "https://registry.npmjs.org/pegjs/-/pegjs-0.11.0-dev.325.tgz",
      "integrity": "sha512-7YGSJyY9YHMS16zY14sVO6zF+SRGgIGVVtK4/SerLuOOyeWz/MFlE6RB5jJRBjODM5//OsfPrPBIpQDPEMh+/A==",
      "dev": true
    }
  }
}
