{
  "name": "@sigma-db/core",
  "version": "0.11.0",
  "lockfileVersion": 1,
  "requires": true,
  "dependencies": {
    "@types/node": {
      "version": "12.7.8",
      "resolved": "https://registry.npmjs.org/@types/node/-/node-12.7.8.tgz",
      "integrity": "sha512-FMdVn84tJJdV+xe+53sYiZS4R5yn1mAIxfj+DVoNiQjTYz1+OYmjwEZr1ev9nU0axXwda0QDbYl06QHanRVH3A==",
      "dev": true
    },
    "pegjs": {
      "version": "0.11.0-master.f69239d",
      "resolved": "https://registry.npmjs.org/pegjs/-/pegjs-0.11.0-master.f69239d.tgz",
      "integrity": "sha512-8PXSaXnLh9hw0R/SfOL1b8JSgiPv1KSl8B1h+sP0uwngmx3Vk+QdB2cuBAT1lXPbP5necVZ2Dl2t4DfR3KKbZg==",
      "dev": true
    },
    "typescript": {
      "version": "3.7.2",
      "resolved": "https://registry.npmjs.org/typescript/-/typescript-3.7.2.tgz",
      "integrity": "sha512-ml7V7JfiN2Xwvcer+XAf2csGO1bPBdRbFCkYBczNZggrBZ9c7G3riSUeJmqEU5uOtXNPMhE3n+R4FA/3YOAWOQ==",
      "dev": true
    }
  }
}
